
Microsoft Visual Studio Solution File, Format Version 12.00
# Visual Studio Version 17
VisualStudioVersion = 17.3.32929.385
MinimumVisualStudioVersion = 10.0.40219.1
Project("{9A19103F-16F7-4668-BE54-9A1E7A4F7556}") = "FluentValidation.Web", "FluentValidation.Web\FluentValidation.Web.csproj", "{7658EDE6-04DE-449D-9558-2D79BAEE2265}"
EndProject
Project("{9A19103F-16F7-4668-BE54-9A1E7A4F7556}") = "AutoMapper.Web", "AutoMapper.Web\AutoMapper.Web.csproj", "{4B632CDF-8AD2-4720-BB0F-752E4189A06B}"
EndProject
Project("{9A19103F-16F7-4668-BE54-9A1E7A4F7556}") = "RateLimit.API", "RateLimit.API\RateLimit.API.csproj", "{BD45B788-DDAD-4E72-9A68-3699827D8D8C}"
EndProject
Project("{9A19103F-16F7-4668-BE54-9A1E7A4F7556}") = "SmidgeApp.Web", "SmidgeApp.Web\SmidgeApp.Web.csproj", "{4CB5C052-C995-44C1-8934-72E9BD4CA3CD}"
EndProject
Project("{FAE04EC0-301F-11D3-BF4B-00C04F79EFBC}") = "HangFire.Web", "HangFire.Web\HangFire.Web.csproj", "{2EDD2C48-9012-4E73-B88B-38624763F34B}"
EndProject
Project("{FAE04EC0-301F-11D3-BF4B-00C04F79EFBC}") = "ErrorHandling.Web", "ErrorHandling.Web\ErrorHandling.Web.csproj", "{3617F22B-9782-4B5C-8AC4-DD2F84738678}"
EndProject
Global
	GlobalSection(SolutionConfigurationPlatforms) = preSolution
		Debug|Any CPU = Debug|Any CPU
		Release|Any CPU = Release|Any CPU
	EndGlobalSection
	GlobalSection(ProjectConfigurationPlatforms) = postSolution
		{7658EDE6-04DE-449D-9558-2D79BAEE2265}.Debug|Any CPU.ActiveCfg = Debug|Any CPU
		{7658EDE6-04DE-449D-9558-2D79BAEE2265}.Debug|Any CPU.Build.0 = Debug|Any CPU
		{7658EDE6-04DE-449D-9558-2D79BAEE2265}.Release|Any CPU.ActiveCfg = Release|Any CPU
		{7658EDE6-04DE-449D-9558-2D79BAEE2265}.Release|Any CPU.Build.0 = Release|Any CPU
		{4B632CDF-8AD2-4720-BB0F-752E4189A06B}.Debug|Any CPU.ActiveCfg = Debug|Any CPU
		{4B632CDF-8AD2-4720-BB0F-752E4189A06B}.Debug|Any CPU.Build.0 = Debug|Any CPU
		{4B632CDF-8AD2-4720-BB0F-752E4189A06B}.Release|Any CPU.ActiveCfg = Release|Any CPU
		{4B632CDF-8AD2-4720-BB0F-752E4189A06B}.Release|Any CPU.Build.0 = Release|Any CPU
		{BD45B788-DDAD-4E72-9A68-3699827D8D8C}.Debug|Any CPU.ActiveCfg = Debug|Any CPU
		{BD45B788-DDAD-4E72-9A68-3699827D8D8C}.Debug|Any CPU.Build.0 = Debug|Any CPU
		{BD45B788-DDAD-4E72-9A68-3699827D8D8C}.Release|Any CPU.ActiveCfg = Release|Any CPU
		{BD45B788-DDAD-4E72-9A68-3699827D8D8C}.Release|Any CPU.Build.0 = Release|Any CPU
		{4CB5C052-C995-44C1-8934-72E9BD4CA3CD}.Debug|Any CPU.ActiveCfg = Debug|Any CPU
		{4CB5C052-C995-44C1-8934-72E9BD4CA3CD}.Debug|Any CPU.Build.0 = Debug|Any CPU
		{4CB5C052-C995-44C1-8934-72E9BD4CA3CD}.Release|Any CPU.ActiveCfg = Release|Any CPU
		{4CB5C052-C995-44C1-8934-72E9BD4CA3CD}.Release|Any CPU.Build.0 = Release|Any CPU
		{2EDD2C48-9012-4E73-B88B-38624763F34B}.Debug|Any CPU.ActiveCfg = Debug|Any CPU
		{2EDD2C48-9012-4E73-B88B-38624763F34B}.Debug|Any CPU.Build.0 = Debug|Any CPU
		{2EDD2C48-9012-4E73-B88B-38624763F34B}.Release|Any CPU.ActiveCfg = Release|Any CPU
		{2EDD2C48-9012-4E73-B88B-38624763F34B}.Release|Any CPU.Build.0 = Release|Any CPU
		{3617F22B-9782-4B5C-8AC4-DD2F84738678}.Debug|Any CPU.ActiveCfg = Debug|Any CPU
		{3617F22B-9782-4B5C-8AC4-DD2F84738678}.Debug|Any CPU.Build.0 = Debug|Any CPU
		{3617F22B-9782-4B5C-8AC4-DD2F84738678}.Release|Any CPU.ActiveCfg = Release|Any CPU
		{3617F22B-9782-4B5C-8AC4-DD2F84738678}.Release|Any CPU.Build.0 = Release|Any CPU
	EndGlobalSection
	GlobalSection(SolutionProperties) = preSolution
		HideSolutionNode = FALSE
	EndGlobalSection
	GlobalSection(ExtensibilityGlobals) = postSolution
		SolutionGuid = {D5B9708F-1E24-416A-9C33-7D47965A461B}
	EndGlobalSection
EndGlobal
